
Microsoft Visual Studio Solution File, Format Version 12.00
# Visual Studio Version 16
VisualStudioVersion = 16.0.31005.135
MinimumVisualStudioVersion = 10.0.40219.1
Project("{FAE04EC0-301F-11D3-BF4B-00C04F79EFBC}") = "TestWork", "TestWork\TestWork.csproj", "{9C934741-700A-4D31-9A0E-A85066033620}"
EndProject
Global
	GlobalSection(SolutionConfigurationPlatforms) = preSolution
		Debug|Any CPU = Debug|Any CPU
		Release|Any CPU = Release|Any CPU
	EndGlobalSection
	GlobalSection(ProjectConfigurationPlatforms) = postSolution
		{9C934741-700A-4D31-9A0E-A85066033620}.Debug|Any CPU.ActiveCfg = Debug|Any CPU
		{9C934741-700A-4D31-9A0E-A85066033620}.Debug|Any CPU.Build.0 = Debug|Any CPU
		{9C934741-700A-4D31-9A0E-A85066033620}.Release|Any CPU.ActiveCfg = Release|Any CPU
		{9C934741-700A-4D31-9A0E-A85066033620}.Release|Any CPU.Build.0 = Release|Any CPU
	EndGlobalSection
	GlobalSection(SolutionProperties) = preSolution
		HideSolutionNode = FALSE
	EndGlobalSection
	GlobalSection(ExtensibilityGlobals) = postSolution
		SolutionGuid = {D52295AB-5465-4737-9AE7-F10DDB69C54E}
	EndGlobalSection
EndGlobal
